// !$*UTF8*$!
{
	archiveVersion = 1;
	classes = {
	};
	objectVersion = 50;
	objects = {

/* Begin PBXBuildFile section */
		13313D902208AB3400EEC408 /* AppDelegate.swift in Sources */ = {isa = PBXBuildFile; fileRef = 13313D8F2208AB3400EEC408 /* AppDelegate.swift */; };
		13313D922208AB3400EEC408 /* TodoListViewController.swift in Sources */ = {isa = PBXBuildFile; fileRef = 13313D912208AB3400EEC408 /* TodoListViewController.swift */; };
		13313D952208AB3400EEC408 /* Main.storyboard in Resources */ = {isa = PBXBuildFile; fileRef = 13313D932208AB3400EEC408 /* Main.storyboard */; };
		13313D972208AB3700EEC408 /* Assets.xcassets in Resources */ = {isa = PBXBuildFile; fileRef = 13313D962208AB3700EEC408 /* Assets.xcassets */; };
		13313D9A2208AB3700EEC408 /* LaunchScreen.storyboard in Resources */ = {isa = PBXBuildFile; fileRef = 13313D982208AB3700EEC408 /* LaunchScreen.storyboard */; };
		13313DA2220B5A7200EEC408 /* Item.swift in Sources */ = {isa = PBXBuildFile; fileRef = 13313DA1220B5A7200EEC408 /* Item.swift */; };
/* End PBXBuildFile section */

/* Begin PBXFileReference section */
		13313D8C2208AB3400EEC408 /* Todoey.app */ = {isa = PBXFileReference; explicitFileType = wrapper.application; includeInIndex = 0; path = Todoey.app; sourceTree = BUILT_PRODUCTS_DIR; };
		13313D8F2208AB3400EEC408 /* AppDelegate.swift */ = {isa = PBXFileReference; lastKnownFileType = sourcecode.swift; path = AppDelegate.swift; sourceTree = "<group>"; };
		13313D912208AB3400EEC408 /* TodoListViewController.swift */ = {isa = PBXFileReference; lastKnownFileType = sourcecode.swift; path = TodoListViewController.swift; sourceTree = "<group>"; };
		13313D942208AB3400EEC408 /* Base */ = {isa = PBXFileReference; lastKnownFileType = file.storyboard; name = Base; path = Base.lproj/Main.storyboard; sourceTree = "<group>"; };
		13313D962208AB3700EEC408 /* Assets.xcassets */ = {isa = PBXFileReference; lastKnownFileType = folder.assetcatalog; path = Assets.xcassets; sourceTree = "<group>"; };
		13313D992208AB3700EEC408 /* Base */ = {isa = PBXFileReference; lastKnownFileType = file.storyboard; name = Base; path = Base.lproj/LaunchScreen.storyboard; sourceTree = "<group>"; };
		13313D9B2208AB3700EEC408 /* Info.plist */ = {isa = PBXFileReference; lastKnownFileType = text.plist.xml; path = Info.plist; sourceTree = "<group>"; };
		13313DA1220B5A7200EEC408 /* Item.swift */ = {isa = PBXFileReference; lastKnownFileType = sourcecode.swift; path = Item.swift; sourceTree = "<group>"; };
/* End PBXFileReference section */

/* Begin PBXFrameworksBuildPhase section */
		13313D892208AB3400EEC408 /* Frameworks */ = {
			isa = PBXFrameworksBuildPhase;
			buildActionMask = 2147483647;
			files = (
			);
			runOnlyForDeploymentPostprocessing = 0;
		};
/* End PBXFrameworksBuildPhase section */

/* Begin PBXGroup section */
		13313D832208AB3400EEC408 = {
			isa = PBXGroup;
			children = (
				13313D8E2208AB3400EEC408 /* Todoey */,
				13313D8D2208AB3400EEC408 /* Products */,
			);
			sourceTree = "<group>";
		};
		13313D8D2208AB3400EEC408 /* Products */ = {
			isa = PBXGroup;
			children = (
				13313D8C2208AB3400EEC408 /* Todoey.app */,
			);
			name = Products;
			sourceTree = "<group>";
		};
		13313D8E2208AB3400EEC408 /* Todoey */ = {
			isa = PBXGroup;
			children = (
				13313D8F2208AB3400EEC408 /* AppDelegate.swift */,
				13313DA3220B5A8A00EEC408 /* Data Model */,
				13313DA4220B5AA800EEC408 /* Controllers */,
				13313DA5220B5AB600EEC408 /* Views */,
				13313DA6220B5ABF00EEC408 /* Supporting Files */,
				13313D9B2208AB3700EEC408 /* Info.plist */,
			);
			path = Todoey;
			sourceTree = "<group>";
		};
		13313DA3220B5A8A00EEC408 /* Data Model */ = {
			isa = PBXGroup;
			children = (
				13313DA1220B5A7200EEC408 /* Item.swift */,
			);
			path = "Data Model";
			sourceTree = "<group>";
		};
		13313DA4220B5AA800EEC408 /* Controllers */ = {
			isa = PBXGroup;
			children = (
				13313D912208AB3400EEC408 /* TodoListViewController.swift */,
			);
			path = Controllers;
			sourceTree = "<group>";
		};
		13313DA5220B5AB600EEC408 /* Views */ = {
			isa = PBXGroup;
			children = (
				13313D932208AB3400EEC408 /* Main.storyboard */,
			);
			path = Views;
			sourceTree = "<group>";
		};
		13313DA6220B5ABF00EEC408 /* Supporting Files */ = {
			isa = PBXGroup;
			children = (
				13313D962208AB3700EEC408 /* Assets.xcassets */,
				13313D982208AB3700EEC408 /* LaunchScreen.storyboard */,
			);
			path = "Supporting Files";
			sourceTree = "<group>";
		};
/* End PBXGroup section */

/* Begin PBXNativeTarget section */
		13313D8B2208AB3400EEC408 /* Todoey */ = {
			isa = PBXNativeTarget;
			buildConfigurationList = 13313D9E2208AB3700EEC408 /* Build configuration list for PBXNativeTarget "Todoey" */;
			buildPhases = (
				13313D882208AB3400EEC408 /* Sources */,
				13313D892208AB3400EEC408 /* Frameworks */,
				13313D8A2208AB3400EEC408 /* Resources */,
			);
			buildRules = (
			);
			dependencies = (
			);
			name = Todoey;
			productName = Todoey;
			productReference = 13313D8C2208AB3400EEC408 /* Todoey.app */;
			productType = "com.apple.product-type.application";
		};
/* End PBXNativeTarget section */

/* Begin PBXProject section */
		13313D842208AB3400EEC408 /* Project object */ = {
			isa = PBXProject;
			attributes = {
				LastSwiftUpdateCheck = 0940;
				LastUpgradeCheck = 0940;
				ORGANIZATIONNAME = Masashi;
				TargetAttributes = {
					13313D8B2208AB3400EEC408 = {
						CreatedOnToolsVersion = 9.4;
					};
				};
			};
			buildConfigurationList = 13313D872208AB3400EEC408 /* Build configuration list for PBXProject "Todoey" */;
			compatibilityVersion = "Xcode 9.3";
			developmentRegion = en;
			hasScannedForEncodings = 0;
			knownRegions = (
				en,
				Base,
			);
			mainGroup = 13313D832208AB3400EEC408;
			productRefGroup = 13313D8D2208AB3400EEC408 /* Products */;
			projectDirPath = "";
			projectRoot = "";
			targets = (
				13313D8B2208AB3400EEC408 /* Todoey */,
			);
		};
/* End PBXProject section */

/* Begin PBXResourcesBuildPhase section */
		13313D8A2208AB3400EEC408 /* Resources */ = {
			isa = PBXResourcesBuildPhase;
			buildActionMask = 2147483647;
			files = (
				13313D9A2208AB3700EEC408 /* LaunchScreen.storyboard in Resources */,
				13313D972208AB3700EEC408 /* Assets.xcassets in Resources */,
				13313D952208AB3400EEC408 /* Main.storyboard in Resources */,
			);
			runOnlyForDeploymentPostprocessing = 0;
		};
/* End PBXResourcesBuildPhase section */

/* Begin PBXSourcesBuildPhase section */
		13313D882208AB3400EEC408 /* Sources */ = {
			isa = PBXSourcesBuildPhase;
			buildActionMask = 2147483647;
			files = (
				13313D922208AB3400EEC408 /* TodoListViewController.swift in Sources */,
				13313DA2220B5A7200EEC408 /* Item.swift in Sources */,
				13313D902208AB3400EEC408 /* AppDelegate.swift in Sources */,
			);
			runOnlyForDeploymentPostprocessing = 0;
		};
/* End PBXSourcesBuildPhase section */

/* Begin PBXVariantGroup section */
		13313D932208AB3400EEC408 /* Main.storyboard */ = {
			isa = PBXVariantGroup;
			children = (
				13313D942208AB3400EEC408 /* Base */,
			);
			name = Main.storyboard;
			sourceTree = "<group>";
		};
		13313D982208AB3700EEC408 /* LaunchScreen.storyboard */ = {
			isa = PBXVariantGroup;
			children = (
				13313D992208AB3700EEC408 /* Base */,
			);
			name = LaunchScreen.storyboard;
			sourceTree = "<group>";
		};
/* End PBXVariantGroup section */

/* Begin XCBuildConfiguration section */
		13313D9C2208AB3700EEC408 /* Debug */ = {
			isa = XCBuildConfiguration;
			buildSettings = {
				ALWAYS_SEARCH_USER_PATHS = NO;
				CLANG_ANALYZER_NONNULL = YES;
				CLANG_ANALYZER_NUMBER_OBJECT_CONVERSION = YES_AGGRESSIVE;
				CLANG_CXX_LANGUAGE_STANDARD = "gnu++14";
				CLANG_CXX_LIBRARY = "libc++";
				CLANG_ENABLE_MODULES = YES;
				CLANG_ENABLE_OBJC_ARC = YES;
				CLANG_ENABLE_OBJC_WEAK = YES;
				CLANG_WARN_BLOCK_CAPTURE_AUTORELEASING = YES;
				CLANG_WARN_BOOL_CONVERSION = YES;
				CLANG_WARN_COMMA = YES;
				CLANG_WARN_CONSTANT_CONVERSION = YES;
				CLANG_WARN_DEPRECATED_OBJC_IMPLEMENTATIONS = YES;
				CLANG_WARN_DIRECT_OBJC_ISA_USAGE = YES_ERROR;
				CLANG_WARN_DOCUMENTATION_COMMENTS = YES;
				CLANG_WARN_EMPTY_BODY = YES;
				CLANG_WARN_ENUM_CONVERSION = YES;
				CLANG_WARN_INFINITE_RECURSION = YES;
				CLANG_WARN_INT_CONVERSION = YES;
				CLANG_WARN_NON_LITERAL_NULL_CONVERSION = YES;
				CLANG_WARN_OBJC_IMPLICIT_RETAIN_SELF = YES;
				CLANG_WARN_OBJC_LITERAL_CONVERSION = YES;
				CLANG_WARN_OBJC_ROOT_CLASS = YES_ERROR;
				CLANG_WARN_RANGE_LOOP_ANALYSIS = YES;
				CLANG_WARN_STRICT_PROTOTYPES = YES;
				CLANG_WARN_SUSPICIOUS_MOVE = YES;
				CLANG_WARN_UNGUARDED_AVAILABILITY = YES_AGGRESSIVE;
				CLANG_WARN_UNREACHABLE_CODE = YES;
				CLANG_WARN__DUPLICATE_METHOD_MATCH = YES;
				CODE_SIGN_IDENTITY = "iPhone Developer";
				COPY_PHASE_STRIP = NO;
				DEBUG_INFORMATION_FORMAT = dwarf;
				ENABLE_STRICT_OBJC_MSGSEND = YES;
				ENABLE_TESTABILITY = YES;
				GCC_C_LANGUAGE_STANDARD = gnu11;
				GCC_DYNAMIC_NO_PIC = NO;
				GCC_NO_COMMON_BLOCKS = YES;
				GCC_OPTIMIZATION_LEVEL = 0;
				GCC_PREPROCESSOR_DEFINITIONS = (
					"DEBUG=1",
					"$(inherited)",
				);
				GCC_WARN_64_TO_32_BIT_CONVERSION = YES;
				GCC_WARN_ABOUT_RETURN_TYPE = YES_ERROR;
				GCC_WARN_UNDECLARED_SELECTOR = YES;
				GCC_WARN_UNINITIALIZED_AUTOS = YES_AGGRESSIVE;
				GCC_WARN_UNUSED_FUNCTION = YES;
				GCC_WARN_UNUSED_VARIABLE = YES;
				IPHONEOS_DEPLOYMENT_TARGET = 11.4;
				MTL_ENABLE_DEBUG_INFO = YES;
				ONLY_ACTIVE_ARCH = YES;
				SDKROOT = iphoneos;
				SWIFT_ACTIVE_COMPILATION_CONDITIONS = DEBUG;
				SWIFT_OPTIMIZATION_LEVEL = "-Onone";
			};
			name = Debug;
		};
		13313D9D2208AB3700EEC408 /* Release */ = {
			isa = XCBuildConfiguration;
			buildSettings = {
				ALWAYS_SEARCH_USER_PATHS = NO;
				CLANG_ANALYZER_NONNULL = YES;
				CLANG_ANALYZER_NUMBER_OBJECT_CONVERSION = YES_AGGRESSIVE;
				CLANG_CXX_LANGUAGE_STANDARD = "gnu++14";
				CLANG_CXX_LIBRARY = "libc++";
				CLANG_ENABLE_MODULES = YES;
				CLANG_ENABLE_OBJC_ARC = YES;
				CLANG_ENABLE_OBJC_WEAK = YES;
				CLANG_WARN_BLOCK_CAPTURE_AUTORELEASING = YES;
				CLANG_WARN_BOOL_CONVERSION = YES;
				CLANG_WARN_COMMA = YES;
				CLANG_WARN_CONSTANT_CONVERSION = YES;
				CLANG_WARN_DEPRECATED_OBJC_IMPLEMENTATIONS = YES;
				CLANG_WARN_DIRECT_OBJC_ISA_USAGE = YES_ERROR;
				CLANG_WARN_DOCUMENTATION_COMMENTS = YES;
				CLANG_WARN_EMPTY_BODY = YES;
				CLANG_WARN_ENUM_CONVERSION = YES;
				CLANG_WARN_INFINITE_RECURSION = YES;
				CLANG_WARN_INT_CONVERSION = YES;
				CLANG_WARN_NON_LITERAL_NULL_CONVERSION = YES;
				CLANG_WARN_OBJC_IMPLICIT_RETAIN_SELF = YES;
				CLANG_WARN_OBJC_LITERAL_CONVERSION = YES;
				CLANG_WARN_OBJC_ROOT_CLASS = YES_ERROR;
				CLANG_WARN_RANGE_LOOP_ANALYSIS = YES;
				CLANG_WARN_STRICT_PROTOTYPES = YES;
				CLANG_WARN_SUSPICIOUS_MOVE = YES;
				CLANG_WARN_UNGUARDED_AVAILABILITY = YES_AGGRESSIVE;
				CLANG_WARN_UNREACHABLE_CODE = YES;
				CLANG_WARN__DUPLICATE_METHOD_MATCH = YES;
				CODE_SIGN_IDENTITY = "iPhone Developer";
				COPY_PHASE_STRIP = NO;
				DEBUG_INFORMATION_FORMAT = "dwarf-with-dsym";
				ENABLE_NS_ASSERTIONS = NO;
				ENABLE_STRICT_OBJC_MSGSEND = YES;
				GCC_C_LANGUAGE_STANDARD = gnu11;
				GCC_NO_COMMON_BLOCKS = YES;
				GCC_WARN_64_TO_32_BIT_CONVERSION = YES;
				GCC_WARN_ABOUT_RETURN_TYPE = YES_ERROR;
				GCC_WARN_UNDECLARED_SELECTOR = YES;
				GCC_WARN_UNINITIALIZED_AUTOS = YES_AGGRESSIVE;
				GCC_WARN_UNUSED_FUNCTION = YES;
				GCC_WARN_UNUSED_VARIABLE = YES;
				IPHONEOS_DEPLOYMENT_TARGET = 11.4;
				MTL_ENABLE_DEBUG_INFO = NO;
				SDKROOT = iphoneos;
				SWIFT_COMPILATION_MODE = wholemodule;
				SWIFT_OPTIMIZATION_LEVEL = "-O";
				VALIDATE_PRODUCT = YES;
			};
			name = Release;
		};
		13313D9F2208AB3700EEC408 /* Debug */ = {
			isa = XCBuildConfiguration;
			buildSettings = {
				ASSETCATALOG_COMPILER_APPICON_NAME = AppIcon;
				CODE_SIGN_STYLE = Automatic;
				DEVELOPMENT_TEAM = 7SAS878RH2;
				INFOPLIST_FILE = Todoey/Info.plist;
				LD_RUNPATH_SEARCH_PATHS = (
					"$(inherited)",
					"@executable_path/Frameworks",
				);
				PRODUCT_BUNDLE_IDENTIFIER = com.masashi.Todoey;
				PRODUCT_NAME = "$(TARGET_NAME)";
				SWIFT_VERSION = 4.0;
				TARGETED_DEVICE_FAMILY = "1,2";
			};
			name = Debug;
		};
		13313DA02208AB3700EEC408 /* Release */ = {
			isa = XCBuildConfiguration;
			buildSettings = {
				ASSETCATALOG_COMPILER_APPICON_NAME = AppIcon;
				CODE_SIGN_STYLE = Automatic;
				DEVELOPMENT_TEAM = 7SAS878RH2;
				INFOPLIST_FILE = Todoey/Info.plist;
				LD_RUNPATH_SEARCH_PATHS = (
					"$(inherited)",
					"@executable_path/Frameworks",
				);
				PRODUCT_BUNDLE_IDENTIFIER = com.masashi.Todoey;
				PRODUCT_NAME = "$(TARGET_NAME)";
				SWIFT_VERSION = 4.0;
				TARGETED_DEVICE_FAMILY = "1,2";
			};
			name = Release;
		};
/* End XCBuildConfiguration section */

/* Begin XCConfigurationList section */
		13313D872208AB3400EEC408 /* Build configuration list for PBXProject "Todoey" */ = {
			isa = XCConfigurationList;
			buildConfigurations = (
				13313D9C2208AB3700EEC408 /* Debug */,
				13313D9D2208AB3700EEC408 /* Release */,
			);
			defaultConfigurationIsVisible = 0;
			defaultConfigurationName = Release;
		};
		13313D9E2208AB3700EEC408 /* Build configuration list for PBXNativeTarget "Todoey" */ = {
			isa = XCConfigurationList;
			buildConfigurations = (
				13313D9F2208AB3700EEC408 /* Debug */,
				13313DA02208AB3700EEC408 /* Release */,
			);
			defaultConfigurationIsVisible = 0;
			defaultConfigurationName = Release;
		};
/* End XCConfigurationList section */
	};
	rootObject = 13313D842208AB3400EEC408 /* Project object */;
}
